
Microsoft Visual Studio Solution File, Format Version 12.00
# Visual Studio Version 16
VisualStudioVersion = 16.0.30320.27
MinimumVisualStudioVersion = 10.0.40219.1
Project("{FAE04EC0-301F-11D3-BF4B-00C04F79EFBC}") = "Model", "GameManager\Model.csproj", "{ED8AFE44-0968-40AB-A661-D203D475CDE6}"
EndProject
Project("{FAE04EC0-301F-11D3-BF4B-00C04F79EFBC}") = "View", "View\View.csproj", "{32D319F4-F276-4242-98B7-B595C0383522}"
EndProject
Global
	GlobalSection(SolutionConfigurationPlatforms) = preSolution
		Debug|Any CPU = Debug|Any CPU
		Release|Any CPU = Release|Any CPU
	EndGlobalSection
	GlobalSection(ProjectConfigurationPlatforms) = postSolution
		{ED8AFE44-0968-40AB-A661-D203D475CDE6}.Debug|Any CPU.ActiveCfg = Debug|Any CPU
		{ED8AFE44-0968-40AB-A661-D203D475CDE6}.Debug|Any CPU.Build.0 = Debug|Any CPU
		{ED8AFE44-0968-40AB-A661-D203D475CDE6}.Release|Any CPU.ActiveCfg = Release|Any CPU
		{ED8AFE44-0968-40AB-A661-D203D475CDE6}.Release|Any CPU.Build.0 = Release|Any CPU
		{32D319F4-F276-4242-98B7-B595C0383522}.Debug|Any CPU.ActiveCfg = Debug|Any CPU
		{32D319F4-F276-4242-98B7-B595C0383522}.Debug|Any CPU.Build.0 = Debug|Any CPU
		{32D319F4-F276-4242-98B7-B595C0383522}.Release|Any CPU.ActiveCfg = Release|Any CPU
		{32D319F4-F276-4242-98B7-B595C0383522}.Release|Any CPU.Build.0 = Release|Any CPU
	EndGlobalSection
	GlobalSection(SolutionProperties) = preSolution
		HideSolutionNode = FALSE
	EndGlobalSection
	GlobalSection(ExtensibilityGlobals) = postSolution
		SolutionGuid = {0D225888-2EA3-4F89-8227-D5B6DF98DA1A}
	EndGlobalSection
EndGlobal
